
Microsoft Visual Studio Solution File, Format Version 12.00
# Visual Studio 14
VisualStudioVersion = 14.0.25420.1
MinimumVisualStudioVersion = 10.0.40219.1
Project("{FAE04EC0-301F-11D3-BF4B-00C04F79EFBC}") = "DatabaseReader", "DatabaseReader.csproj", "{2640C4D3-5888-4236-B946-A4A47BF86A4F}"
EndProject
Project("{FAE04EC0-301F-11D3-BF4B-00C04F79EFBC}") = "PriceUpdater", "..\PriceUpdater\PriceUpdater.csproj", "{BE5A0254-63F2-480B-8D77-D8246145938A}"
EndProject
Global
	GlobalSection(SolutionConfigurationPlatforms) = preSolution
		Debug|Any CPU = Debug|Any CPU
		Release|Any CPU = Release|Any CPU
	EndGlobalSection
	GlobalSection(ProjectConfigurationPlatforms) = postSolution
		{2640C4D3-5888-4236-B946-A4A47BF86A4F}.Debug|Any CPU.ActiveCfg = Debug|Any CPU
		{2640C4D3-5888-4236-B946-A4A47BF86A4F}.Debug|Any CPU.Build.0 = Debug|Any CPU
		{2640C4D3-5888-4236-B946-A4A47BF86A4F}.Release|Any CPU.ActiveCfg = Release|Any CPU
		{2640C4D3-5888-4236-B946-A4A47BF86A4F}.Release|Any CPU.Build.0 = Release|Any CPU
		{BE5A0254-63F2-480B-8D77-D8246145938A}.Debug|Any CPU.ActiveCfg = Debug|Any CPU
		{BE5A0254-63F2-480B-8D77-D8246145938A}.Debug|Any CPU.Build.0 = Debug|Any CPU
		{BE5A0254-63F2-480B-8D77-D8246145938A}.Release|Any CPU.ActiveCfg = Release|Any CPU
		{BE5A0254-63F2-480B-8D77-D8246145938A}.Release|Any CPU.Build.0 = Release|Any CPU
	EndGlobalSection
	GlobalSection(SolutionProperties) = preSolution
		HideSolutionNode = FALSE
	EndGlobalSection
EndGlobal
